
Microsoft Visual Studio Solution File, Format Version 12.00
# Visual Studio 15
VisualStudioVersion = 15.0.26430.16
MinimumVisualStudioVersion = 10.0.40219.1
Project("{FAE04EC0-301F-11D3-BF4B-00C04F79EFBC}") = "Smafac.Pms.Purchase", "Smafac.Pms.Purchase\Smafac.Pms.Purchase.csproj", "{910F7A46-147D-457A-971C-2967EC51B446}"
EndProject
Project("{FAE04EC0-301F-11D3-BF4B-00C04F79EFBC}") = "Smafac.Pms.Purchase.Model", "Smafac.Pms.Purchase.Model\Smafac.Pms.Purchase.Model.csproj", "{9127CBBD-1619-40E7-8608-E2B0C858105A}"
EndProject
Global
	GlobalSection(SolutionConfigurationPlatforms) = preSolution
		Debug|Any CPU = Debug|Any CPU
		Release|Any CPU = Release|Any CPU
	EndGlobalSection
	GlobalSection(ProjectConfigurationPlatforms) = postSolution
		{910F7A46-147D-457A-971C-2967EC51B446}.Debug|Any CPU.ActiveCfg = Debug|Any CPU
		{910F7A46-147D-457A-971C-2967EC51B446}.Debug|Any CPU.Build.0 = Debug|Any CPU
		{910F7A46-147D-457A-971C-2967EC51B446}.Release|Any CPU.ActiveCfg = Release|Any CPU
		{910F7A46-147D-457A-971C-2967EC51B446}.Release|Any CPU.Build.0 = Release|Any CPU
		{9127CBBD-1619-40E7-8608-E2B0C858105A}.Debug|Any CPU.ActiveCfg = Debug|Any CPU
		{9127CBBD-1619-40E7-8608-E2B0C858105A}.Debug|Any CPU.Build.0 = Debug|Any CPU
		{9127CBBD-1619-40E7-8608-E2B0C858105A}.Release|Any CPU.ActiveCfg = Release|Any CPU
		{9127CBBD-1619-40E7-8608-E2B0C858105A}.Release|Any CPU.Build.0 = Release|Any CPU
	EndGlobalSection
	GlobalSection(SolutionProperties) = preSolution
		HideSolutionNode = FALSE
	EndGlobalSection
EndGlobal
