
Microsoft Visual Studio Solution File, Format Version 12.00
# Visual Studio 15
VisualStudioVersion = 15.0.26430.16
MinimumVisualStudioVersion = 10.0.40219.1
Project("{FAE04EC0-301F-11D3-BF4B-00C04F79EFBC}") = "Smafac.Wms.Goods", "Smafac.Wms.Goods\Smafac.Wms.Goods.csproj", "{EE797919-0D92-4997-B52F-46AE6D8876FD}"
EndProject
Project("{FAE04EC0-301F-11D3-BF4B-00C04F79EFBC}") = "Smafac.Framework.Core", "..\Smafac.Framework\Smafac.Framework.Core\Smafac.Framework.Core.csproj", "{0202225A-FE39-4EE6-9BBA-C9E93EA12338}"
EndProject
Project("{FAE04EC0-301F-11D3-BF4B-00C04F79EFBC}") = "Smafac.Framework.Infrustructure", "..\Smafac.Framework\Smafac.Framework.Infrustructure\Smafac.Framework.Infrustructure.csproj", "{34ABE787-77A4-458E-981A-090C4C8CC038}"
EndProject
Project("{FAE04EC0-301F-11D3-BF4B-00C04F79EFBC}") = "Smafac.Wms.Goods.WebApi", "Smafac.Wms.Goods.WebApi\Smafac.Wms.Goods.WebApi.csproj", "{01716D6C-60D7-44A5-9FEC-58F80056183F}"
EndProject
Project("{FAE04EC0-301F-11D3-BF4B-00C04F79EFBC}") = "Smafac.Framework.WebApi", "..\Smafac.Framework\Smafac.Framework.WebApi\Smafac.Framework.WebApi.csproj", "{9DFB1558-0810-42BA-A9E2-C5850FA162B2}"
EndProject
Project("{FAE04EC0-301F-11D3-BF4B-00C04F79EFBC}") = "Smafac.Wms.Stock", "Smafac.Wms.Stock\Smafac.Wms.Stock.csproj", "{96A2D1C2-CB01-4A98-8218-6C31CCBEE577}"
EndProject
Global
	GlobalSection(SolutionConfigurationPlatforms) = preSolution
		Debug|Any CPU = Debug|Any CPU
		Release|Any CPU = Release|Any CPU
	EndGlobalSection
	GlobalSection(ProjectConfigurationPlatforms) = postSolution
		{EE797919-0D92-4997-B52F-46AE6D8876FD}.Debug|Any CPU.ActiveCfg = Debug|Any CPU
		{EE797919-0D92-4997-B52F-46AE6D8876FD}.Debug|Any CPU.Build.0 = Debug|Any CPU
		{EE797919-0D92-4997-B52F-46AE6D8876FD}.Release|Any CPU.ActiveCfg = Release|Any CPU
		{EE797919-0D92-4997-B52F-46AE6D8876FD}.Release|Any CPU.Build.0 = Release|Any CPU
		{0202225A-FE39-4EE6-9BBA-C9E93EA12338}.Debug|Any CPU.ActiveCfg = Debug|Any CPU
		{0202225A-FE39-4EE6-9BBA-C9E93EA12338}.Debug|Any CPU.Build.0 = Debug|Any CPU
		{0202225A-FE39-4EE6-9BBA-C9E93EA12338}.Release|Any CPU.ActiveCfg = Release|Any CPU
		{0202225A-FE39-4EE6-9BBA-C9E93EA12338}.Release|Any CPU.Build.0 = Release|Any CPU
		{34ABE787-77A4-458E-981A-090C4C8CC038}.Debug|Any CPU.ActiveCfg = Debug|Any CPU
		{34ABE787-77A4-458E-981A-090C4C8CC038}.Debug|Any CPU.Build.0 = Debug|Any CPU
		{34ABE787-77A4-458E-981A-090C4C8CC038}.Release|Any CPU.ActiveCfg = Release|Any CPU
		{34ABE787-77A4-458E-981A-090C4C8CC038}.Release|Any CPU.Build.0 = Release|Any CPU
		{01716D6C-60D7-44A5-9FEC-58F80056183F}.Debug|Any CPU.ActiveCfg = Debug|Any CPU
		{01716D6C-60D7-44A5-9FEC-58F80056183F}.Debug|Any CPU.Build.0 = Debug|Any CPU
		{01716D6C-60D7-44A5-9FEC-58F80056183F}.Release|Any CPU.ActiveCfg = Release|Any CPU
		{01716D6C-60D7-44A5-9FEC-58F80056183F}.Release|Any CPU.Build.0 = Release|Any CPU
		{9DFB1558-0810-42BA-A9E2-C5850FA162B2}.Debug|Any CPU.ActiveCfg = Debug|Any CPU
		{9DFB1558-0810-42BA-A9E2-C5850FA162B2}.Debug|Any CPU.Build.0 = Debug|Any CPU
		{9DFB1558-0810-42BA-A9E2-C5850FA162B2}.Release|Any CPU.ActiveCfg = Release|Any CPU
		{9DFB1558-0810-42BA-A9E2-C5850FA162B2}.Release|Any CPU.Build.0 = Release|Any CPU
		{96A2D1C2-CB01-4A98-8218-6C31CCBEE577}.Debug|Any CPU.ActiveCfg = Debug|Any CPU
		{96A2D1C2-CB01-4A98-8218-6C31CCBEE577}.Debug|Any CPU.Build.0 = Debug|Any CPU
		{96A2D1C2-CB01-4A98-8218-6C31CCBEE577}.Release|Any CPU.ActiveCfg = Release|Any CPU
		{96A2D1C2-CB01-4A98-8218-6C31CCBEE577}.Release|Any CPU.Build.0 = Release|Any CPU
	EndGlobalSection
	GlobalSection(SolutionProperties) = preSolution
		HideSolutionNode = FALSE
	EndGlobalSection
EndGlobal
